
Microsoft Visual Studio Solution File, Format Version 12.00
# Visual Studio Version 17
VisualStudioVersion = 17.9.34728.123
MinimumVisualStudioVersion = 10.0.40219.1
Project("{9A19103F-16F7-4668-BE54-9A1E7A4F7556}") = "CrossDataBase.Server", "src\server\CrossDataBase.Server\CrossDataBase.Server.csproj", "{FC74F583-E467-4FE3-960A-7BE45BCE456E}"
EndProject
Project("{54A90642-561A-4BB1-A94E-469ADEE60C69}") = "crossdatabase.client", "src\crossdatabase.client\crossdatabase.client.esproj", "{B3F10CD0-A122-45AB-9231-1FB5CF0EF16E}"
EndProject
Project("{2150E333-8FDC-42A3-9474-1A3956D46DE8}") = "server", "server", "{51DF1C47-93CE-4F2A-A8DD-1B6910C691F8}"
EndProject
Global
	GlobalSection(SolutionConfigurationPlatforms) = preSolution
		Debug|Any CPU = Debug|Any CPU
		Release|Any CPU = Release|Any CPU
	EndGlobalSection
	GlobalSection(ProjectConfigurationPlatforms) = postSolution
		{FC74F583-E467-4FE3-960A-7BE45BCE456E}.Debug|Any CPU.ActiveCfg = Debug|Any CPU
		{FC74F583-E467-4FE3-960A-7BE45BCE456E}.Debug|Any CPU.Build.0 = Debug|Any CPU
		{FC74F583-E467-4FE3-960A-7BE45BCE456E}.Release|Any CPU.ActiveCfg = Release|Any CPU
		{FC74F583-E467-4FE3-960A-7BE45BCE456E}.Release|Any CPU.Build.0 = Release|Any CPU
		{B3F10CD0-A122-45AB-9231-1FB5CF0EF16E}.Debug|Any CPU.ActiveCfg = Debug|Any CPU
		{B3F10CD0-A122-45AB-9231-1FB5CF0EF16E}.Debug|Any CPU.Build.0 = Debug|Any CPU
		{B3F10CD0-A122-45AB-9231-1FB5CF0EF16E}.Debug|Any CPU.Deploy.0 = Debug|Any CPU
		{B3F10CD0-A122-45AB-9231-1FB5CF0EF16E}.Release|Any CPU.ActiveCfg = Release|Any CPU
		{B3F10CD0-A122-45AB-9231-1FB5CF0EF16E}.Release|Any CPU.Build.0 = Release|Any CPU
		{B3F10CD0-A122-45AB-9231-1FB5CF0EF16E}.Release|Any CPU.Deploy.0 = Release|Any CPU
	EndGlobalSection
	GlobalSection(SolutionProperties) = preSolution
		HideSolutionNode = FALSE
	EndGlobalSection
	GlobalSection(NestedProjects) = preSolution
		{FC74F583-E467-4FE3-960A-7BE45BCE456E} = {51DF1C47-93CE-4F2A-A8DD-1B6910C691F8}
	EndGlobalSection
	GlobalSection(ExtensibilityGlobals) = postSolution
		SolutionGuid = {0127F9B7-70D7-4EFD-A3E9-E05F68FE5470}
	EndGlobalSection
EndGlobal
